
Microsoft Visual Studio Solution File, Format Version 12.00
# Visual Studio Version 16
VisualStudioVersion = 16.0.808.0
MinimumVisualStudioVersion = 10.0.40219.1
Project("{FAE04EC0-301F-11D3-BF4B-00C04F79EFBC}") = "UI", "UI\UI.csproj", "{811E5BD8-720E-43CF-A409-2B3AB4130ADA}"
EndProject
Project("{FAE04EC0-301F-11D3-BF4B-00C04F79EFBC}") = "BLL", "BLL\BLL.csproj", "{E55C0EBF-96D8-4C09-AA75-3BE76F128109}"
EndProject
Project("{FAE04EC0-301F-11D3-BF4B-00C04F79EFBC}") = "DAL", "DAL\DAL.csproj", "{A33832B7-83BB-4498-8D20-DDB74CB03540}"
EndProject
Project("{2150E333-8FDC-42A3-9474-1A3956D46DE8}") = "Solution Items", "Solution Items", "{2280A144-6F9F-46A7-809A-3662FAD8987E}"
	ProjectSection(SolutionItems) = preProject
		docker-compose.yml = docker-compose.yml
	EndProjectSection
EndProject
Project("{FAE04EC0-301F-11D3-BF4B-00C04F79EFBC}") = "Models", "Models\Models.csproj", "{5D697407-061B-440E-9891-713160EBBF53}"
EndProject
Global
	GlobalSection(SolutionConfigurationPlatforms) = preSolution
		Debug|Any CPU = Debug|Any CPU
		Release|Any CPU = Release|Any CPU
	EndGlobalSection
	GlobalSection(ProjectConfigurationPlatforms) = postSolution
		{811E5BD8-720E-43CF-A409-2B3AB4130ADA}.Debug|Any CPU.ActiveCfg = Debug|Any CPU
		{811E5BD8-720E-43CF-A409-2B3AB4130ADA}.Debug|Any CPU.Build.0 = Debug|Any CPU
		{811E5BD8-720E-43CF-A409-2B3AB4130ADA}.Release|Any CPU.ActiveCfg = Release|Any CPU
		{811E5BD8-720E-43CF-A409-2B3AB4130ADA}.Release|Any CPU.Build.0 = Release|Any CPU
		{E55C0EBF-96D8-4C09-AA75-3BE76F128109}.Debug|Any CPU.ActiveCfg = Debug|Any CPU
		{E55C0EBF-96D8-4C09-AA75-3BE76F128109}.Debug|Any CPU.Build.0 = Debug|Any CPU
		{E55C0EBF-96D8-4C09-AA75-3BE76F128109}.Release|Any CPU.ActiveCfg = Release|Any CPU
		{E55C0EBF-96D8-4C09-AA75-3BE76F128109}.Release|Any CPU.Build.0 = Release|Any CPU
		{A33832B7-83BB-4498-8D20-DDB74CB03540}.Debug|Any CPU.ActiveCfg = Debug|Any CPU
		{A33832B7-83BB-4498-8D20-DDB74CB03540}.Debug|Any CPU.Build.0 = Debug|Any CPU
		{A33832B7-83BB-4498-8D20-DDB74CB03540}.Release|Any CPU.ActiveCfg = Release|Any CPU
		{A33832B7-83BB-4498-8D20-DDB74CB03540}.Release|Any CPU.Build.0 = Release|Any CPU
		{5D697407-061B-440E-9891-713160EBBF53}.Debug|Any CPU.ActiveCfg = Debug|Any CPU
		{5D697407-061B-440E-9891-713160EBBF53}.Debug|Any CPU.Build.0 = Debug|Any CPU
		{5D697407-061B-440E-9891-713160EBBF53}.Release|Any CPU.ActiveCfg = Release|Any CPU
		{5D697407-061B-440E-9891-713160EBBF53}.Release|Any CPU.Build.0 = Release|Any CPU
	EndGlobalSection
	GlobalSection(SolutionProperties) = preSolution
		HideSolutionNode = FALSE
	EndGlobalSection
	GlobalSection(ExtensibilityGlobals) = postSolution
		SolutionGuid = {428AF1E6-ACF2-4B29-8CDB-A66955742603}
	EndGlobalSection
EndGlobal
